
Microsoft Visual Studio Solution File, Format Version 12.00
# Visual Studio Version 17
VisualStudioVersion = 17.13.35919.96 d17.13
MinimumVisualStudioVersion = 10.0.40219.1
Project("{FAE04EC0-301F-11D3-BF4B-00C04F79EFBC}") = "SnakesAndLadders.Api", "SnakesAndLadders.Api\SnakesAndLadders.Api.csproj", "{3E6516CB-5487-4D7C-AF1B-BC121A96FFF7}"
EndProject
Global
	GlobalSection(SolutionConfigurationPlatforms) = preSolution
		Debug|Any CPU = Debug|Any CPU
		Release|Any CPU = Release|Any CPU
	EndGlobalSection
	GlobalSection(ProjectConfigurationPlatforms) = postSolution
		{3E6516CB-5487-4D7C-AF1B-BC121A96FFF7}.Debug|Any CPU.ActiveCfg = Debug|Any CPU
		{3E6516CB-5487-4D7C-AF1B-BC121A96FFF7}.Debug|Any CPU.Build.0 = Debug|Any CPU
		{3E6516CB-5487-4D7C-AF1B-BC121A96FFF7}.Release|Any CPU.ActiveCfg = Release|Any CPU
		{3E6516CB-5487-4D7C-AF1B-BC121A96FFF7}.Release|Any CPU.Build.0 = Release|Any CPU
	EndGlobalSection
	GlobalSection(SolutionProperties) = preSolution
		HideSolutionNode = FALSE
	EndGlobalSection
	GlobalSection(ExtensibilityGlobals) = postSolution
		SolutionGuid = {6E4ACA2A-0C3D-4E61-B608-C50C674AF822}
	EndGlobalSection
EndGlobal
